# This file is automatically @generated by Cargo.
# It is not intended for manual editing.
version = 4

[[package]]
name = "koha-app"
version = "0.1.0"
dependencies = [
 "koha-core",
 "koha-gui",
 "koha-platform",
]

[[package]]
name = "koha-core"
version = "0.1.0"

[[package]]
name = "koha-gui"
version = "0.1.0"
dependencies = [
 "koha-core",
]

[[package]]
name = "koha-platform"
version = "0.1.0"
dependencies = [
 "koha-core",
]
